{
    "_readme": [
        "This file locks the dependencies of your project to a known state",
        "Read more about it at https://getcomposer.org/doc/01-basic-usage.md#installing-dependencies",
        "This file is @generated automatically"
    ],
    "content-hash": "906ca299957fa1e2512b99f67ed2179a",
    "packages": [
        {
            "name": "behat/transliterator",
            "version": "v1.5.0",
            "source": {
                "type": "git",
                "url": "https://github.com/Behat/Transliterator.git",
                "reference": "baac5873bac3749887d28ab68e2f74db3a4408af"
            },
            "dist": {
                "type": "zip",
                "url": "https://api.github.com/repos/Behat/Transliterator/zipball/baac5873bac3749887d28ab68e2f74db3a4408af",
                "reference": "baac5873bac3749887d28ab68e2f74db3a4408af",
                "shasum": ""
            },
            "require": {
                "php": ">=7.2"
            },
            "require-dev": {
                "chuyskywalker/rolling-curl": "^3.1",
                "php-yaoi/php-yaoi": "^1.0",
                "phpunit/phpunit": "^8.5.25 || ^9.5.19"
            },
            "type": "library",
            "extra": {
                "branch-alias": {
                    "dev-master": "1.x-dev"
                }
            },
            "autoload": {
                "psr-4": {
                    "Behat\\Transliterator\\": "src/Behat/Transliterator"
                }
            },
            "notification-url": "https://packagist.org/downloads/",
            "license": [
                "Artistic-1.0"
            ],
            "description": "String transliterator",
            "keywords": [
                "i18n",
                "slug",
                "transliterator"
            ],
            "support": {
                "issues": "https://github.com/Behat/Transliterator/issues",
                "source": "https://github.com/Behat/Transliterator/tree/v1.5.0"
            },
            "time": "2022-03-30T09:27:43+00:00"
        },
        {
            "name": "doctrine/collections",
            "version": "2.2.2",
            "source": {
                "type": "git",
                "url": "https://github.com/doctrine/collections.git",
                "reference": "d8af7f248c74f195f7347424600fd9e17b57af59"
            },
            "dist": {
                "type": "zip",
                "url": "https://api.github.com/repos/doctrine/collections/zipball/d8af7f248c74f195f7347424600fd9e17b57af59",
                "reference": "d8af7f248c74f195f7347424600fd9e17b57af59",
                "shasum": ""
            },
            "require": {
                "doctrine/deprecations": "^1",
                "php": "^8.1"
            },
            "require-dev": {
                "doctrine/coding-standard": "^12",
                "ext-json": "*",
                "phpstan/phpstan": "^1.8",
                "phpstan/phpstan-phpunit": "^1.0",
                "phpunit/phpunit": "^10.5",
                "vimeo/psalm": "^5.11"
            },
            "type": "library",
            "autoload": {
                "psr-4": {
                    "Doctrine\\Common\\Collections\\": "src"
                }
            },
            "notification-url": "https://packagist.org/downloads/",
            "license": [
                "MIT"
            ],
            "authors": [
                {
                    "name": "Guilherme Blanco",
                    "email": "guilhermeblanco@gmail.com"
                },
                {
                    "name": "Roman Borschel",
                    "email": "roman@code-factory.org"
                },
                {
                    "name": "Benjamin Eberlei",
                    "email": "kontakt@beberlei.de"
                },
                {
                    "name": "Jonathan Wage",
                    "email": "jonwage@gmail.com"
                },
                {
                    "name": "Johannes Schmitt",
                    "email": "schmittjoh@gmail.com"
                }
            ],
            "description": "PHP Doctrine Collections library that adds additional functionality on top of PHP arrays.",
            "homepage": "https://www.doctrine-project.org/projects/collections.html",
            "keywords": [
                "array",
                "collections",
                "iterators",
                "php"
            ],
            "support": {
                "issues": "https://github.com/doctrine/collections/issues",
                "source": "https://github.com/doctrine/collections/tree/2.2.2"
            },
            "funding": [
                {
                    "url": "https://www.doctrine-project.org/sponsorship.html",
                    "type": "custom"
                },
                {
                    "url": "https://www.patreon.com/phpdoctrine",
                    "type": "patreon"
                },
                {
                    "url": "https://tidelift.com/funding/github/packagist/doctrine%2Fcollections",
                    "type": "tidelift"
                }
            ],
            "time": "2024-04-18T06:56:21+00:00"
        },
        {
            "name": "doctrine/common",
            "version": "3.4.5",
            "source": {
                "type": "git",
                "url": "https://github.com/doctrine/common.git",
                "reference": "6c8fef961f67b8bc802ce3e32e3ebd1022907286"
            },
            "dist": {
                "type": "zip",
                "url": "https://api.github.com/repos/doctrine/common/zipball/6c8fef961f67b8bc802ce3e32e3ebd1022907286",
                "reference": "6c8fef961f67b8bc802ce3e32e3ebd1022907286",
                "shasum": ""
            },
            "require": {
                "doctrine/persistence": "^2.0 || ^3.0",
                "php": "^7.1 || ^8.0"
            },
            "require-dev": {
                "doctrine/coding-standard": "^9.0 || ^10.0",
                "doctrine/collections": "^1",
                "phpstan/phpstan": "^1.4.1",
                "phpstan/phpstan-phpunit": "^1",
                "phpunit/phpunit": "^7.5.20 || ^8.5 || ^9.0",
                "squizlabs/php_codesniffer": "^3.0",
                "symfony/phpunit-bridge": "^6.1",
                "vimeo/psalm": "^4.4"
            },
            "type": "library",
            "autoload": {
                "psr-4": {
                    "Doctrine\\Common\\": "src"
                }
            },
            "notification-url": "https://packagist.org/downloads/",
            "license": [
                "MIT"
            ],
            "authors": [
                {
                    "name": "Guilherme Blanco",
                    "email": "guilhermeblanco@gmail.com"
                },
                {
                    "name": "Roman Borschel",
                    "email": "roman@code-factory.org"
                },
                {
                    "name": "Benjamin Eberlei",
                    "email": "kontakt@beberlei.de"
                },
                {
                    "name": "Jonathan Wage",
                    "email": "jonwage@gmail.com"
                },
                {
                    "name": "Johannes Schmitt",
                    "email": "schmittjoh@gmail.com"
                },
                {
                    "name": "Marco Pivetta",
                    "email": "ocramius@gmail.com"
                }
            ],
            "description": "PHP Doctrine Common project is a library that provides additional functionality that other Doctrine projects depend on such as better reflection support, proxies and much more.",
            "homepage": "https://www.doctrine-project.org/projects/common.html",
            "keywords": [
                "common",
                "doctrine",
                "php"
            ],
            "support": {
                "issues": "https://github.com/doctrine/common/issues",
                "source": "https://github.com/doctrine/common/tree/3.4.5"
            },
            "funding": [
                {
                    "url": "https://www.doctrine-project.org/sponsorship.html",
                    "type": "custom"
                },
                {
                    "url": "https://www.patreon.com/phpdoctrine",
                    "type": "patreon"
                },
                {
                    "url": "https://tidelift.com/funding/github/packagist/doctrine%2Fcommon",
                    "type": "tidelift"
                }
            ],
            "time": "2024-10-08T15:53:43+00:00"
        },
        {
            "name": "doctrine/deprecations",
            "version": "1.1.3",
            "source": {
                "type": "git",
                "url": "https://github.com/doctrine/deprecations.git",
                "reference": "dfbaa3c2d2e9a9df1118213f3b8b0c597bb99fab"
            },
            "dist": {
                "type": "zip",
                "url": "https://api.github.com/repos/doctrine/deprecations/zipball/dfbaa3c2d2e9a9df1118213f3b8b0c597bb99fab",
                "reference": "dfbaa3c2d2e9a9df1118213f3b8b0c597bb99fab",
                "shasum": ""
            },
            "require": {
                "php": "^7.1 || ^8.0"
            },
            "require-dev": {
                "doctrine/coding-standard": "^9",
                "phpstan/phpstan": "1.4.10 || 1.10.15",
                "phpstan/phpstan-phpunit": "^1.0",
                "phpunit/phpunit": "^7.5 || ^8.5 || ^9.5",
                "psalm/plugin-phpunit": "0.18.4",
                "psr/log": "^1 || ^2 || ^3",
                "vimeo/psalm": "4.30.0 || 5.12.0"
            },
            "suggest": {
                "psr/log": "Allows logging deprecations via PSR-3 logger implementation"
            },
            "type": "library",
            "autoload": {
                "psr-4": {
                    "Doctrine\\Deprecations\\": "lib/Doctrine/Deprecations"
                }
            },
            "notification-url": "https://packagist.org/downloads/",
            "license": [
                "MIT"
            ],
            "description": "A small layer on top of trigger_error(E_USER_DEPRECATED) or PSR-3 logging with options to disable all deprecations or selectively for packages.",
            "homepage": "https://www.doctrine-project.org/",
            "support": {
                "issues": "https://github.com/doctrine/deprecations/issues",
                "source": "https://github.com/doctrine/deprecations/tree/1.1.3"
            },
            "time": "2024-01-30T19:34:25+00:00"
        },
        {
            "name": "doctrine/event-manager",
            "version": "2.0.1",
            "source": {
                "type": "git",
                "url": "https://github.com/doctrine/event-manager.git",
                "reference": "b680156fa328f1dfd874fd48c7026c41570b9c6e"
            },
            "dist": {
                "type": "zip",
                "url": "https://api.github.com/repos/doctrine/event-manager/zipball/b680156fa328f1dfd874fd48c7026c41570b9c6e",
                "reference": "b680156fa328f1dfd874fd48c7026c41570b9c6e",
                "shasum": ""
            },
            "require": {
                "php": "^8.1"
            },
            "conflict": {
                "doctrine/common": "<2.9"
            },
            "require-dev": {
                "doctrine/coding-standard": "^12",
                "phpstan/phpstan": "^1.8.8",
                "phpunit/phpunit": "^10.5",
                "vimeo/psalm": "^5.24"
            },
            "type": "library",
            "autoload": {
                "psr-4": {
                    "Doctrine\\Common\\": "src"
                }
            },
            "notification-url": "https://packagist.org/downloads/",
            "license": [
                "MIT"
            ],
            "authors": [
                {
                    "name": "Guilherme Blanco",
                    "email": "guilhermeblanco@gmail.com"
                },
                {
                    "name": "Roman Borschel",
                    "email": "roman@code-factory.org"
                },
                {
                    "name": "Benjamin Eberlei",
                    "email": "kontakt@beberlei.de"
                },
                {
                    "name": "Jonathan Wage",
                    "email": "jonwage@gmail.com"
                },
                {
                    "name": "Johannes Schmitt",
                    "email": "schmittjoh@gmail.com"
                },
                {
                    "name": "Marco Pivetta",
                    "email": "ocramius@gmail.com"
                }
            ],
            "description": "The Doctrine Event Manager is a simple PHP event system that was built to be used with the various Doctrine projects.",
            "homepage": "https://www.doctrine-project.org/projects/event-manager.html",
            "keywords": [
                "event",
                "event dispatcher",
                "event manager",
                "event system",
                "events"
            ],
            "support": {
                "issues": "https://github.com/doctrine/event-manager/issues",
                "source": "https://github.com/doctrine/event-manager/tree/2.0.1"
            },
            "funding": [
                {
                    "url": "https://www.doctrine-project.org/sponsorship.html",
                    "type": "custom"
                },
                {
                    "url": "https://www.patreon.com/phpdoctrine",
                    "type": "patreon"
                },
                {
                    "url": "https://tidelift.com/funding/github/packagist/doctrine%2Fevent-manager",
                    "type": "tidelift"
                }
            ],
            "time": "2024-05-22T20:47:39+00:00"
        },
        {
            "name": "doctrine/persistence",
            "version": "3.3.3",
            "source": {
                "type": "git",
                "url": "https://github.com/doctrine/persistence.git",
                "reference": "b337726451f5d530df338fc7f68dee8781b49779"
            },
            "dist": {
                "type": "zip",
                "url": "https://api.github.com/repos/doctrine/persistence/zipball/b337726451f5d530df338fc7f68dee8781b49779",
                "reference": "b337726451f5d530df338fc7f68dee8781b49779",
                "shasum": ""
            },
            "require": {
                "doctrine/event-manager": "^1 || ^2",
                "php": "^7.2 || ^8.0",
                "psr/cache": "^1.0 || ^2.0 || ^3.0"
            },
            "conflict": {
                "doctrine/common": "<2.10"
            },
            "require-dev": {
                "doctrine/coding-standard": "^12",
                "doctrine/common": "^3.0",
                "phpstan/phpstan": "1.11.1",
                "phpstan/phpstan-phpunit": "^1",
                "phpstan/phpstan-strict-rules": "^1.1",
                "phpunit/phpunit": "^8.5 || ^9.5",
                "symfony/cache": "^4.4 || ^5.4 || ^6.0",
                "vimeo/psalm": "4.30.0 || 5.24.0"
            },
            "type": "library",
            "autoload": {
                "psr-4": {
                    "Doctrine\\Persistence\\": "src/Persistence"
                }
            },
            "notification-url": "https://packagist.org/downloads/",
            "license": [
                "MIT"
            ],
            "authors": [
                {
                    "name": "Guilherme Blanco",
                    "email": "guilhermeblanco@gmail.com"
                },
                {
                    "name": "Roman Borschel",
                    "email": "roman@code-factory.org"
                },
                {
                    "name": "Benjamin Eberlei",
                    "email": "kontakt@beberlei.de"
                },
                {
                    "name": "Jonathan Wage",
                    "email": "jonwage@gmail.com"
                },
                {
                    "name": "Johannes Schmitt",
                    "email": "schmittjoh@gmail.com"
                },
                {
                    "name": "Marco Pivetta",
                    "email": "ocramius@gmail.com"
                }
            ],
            "description": "The Doctrine Persistence project is a set of shared interfaces and functionality that the different Doctrine object mappers share.",
            "homepage": "https://www.doctrine-project.org/projects/persistence.html",
            "keywords": [
                "mapper",
                "object",
                "odm",
                "orm",
                "persistence"
            ],
            "support": {
                "issues": "https://github.com/doctrine/persistence/issues",
                "source": "https://github.com/doctrine/persistence/tree/3.3.3"
            },
            "funding": [
                {
                    "url": "https://www.doctrine-project.org/sponsorship.html",
                    "type": "custom"
                },
                {
                    "url": "https://www.patreon.com/phpdoctrine",
                    "type": "patreon"
                },
                {
                    "url": "https://tidelift.com/funding/github/packagist/doctrine%2Fpersistence",
                    "type": "tidelift"
                }
            ],
            "time": "2024-06-20T10:14:30+00:00"
        },
        {
            "name": "gedmo/doctrine-extensions",
            "version": "v3.17.1",
            "source": {
                "type": "git",
                "url": "https://github.com/doctrine-extensions/DoctrineExtensions.git",
                "reference": "eabb45018c5a4362b46c5beae3881261da89f900"
            },
            "dist": {
                "type": "zip",
                "url": "https://api.github.com/repos/doctrine-extensions/DoctrineExtensions/zipball/eabb45018c5a4362b46c5beae3881261da89f900",
                "reference": "eabb45018c5a4362b46c5beae3881261da89f900",
                "shasum": ""
            },
            "require": {
                "behat/transliterator": "^1.2",
                "doctrine/collections": "^1.2 || ^2.0",
                "doctrine/common": "^2.13 || ^3.0",
                "doctrine/deprecations": "^1.0",
                "doctrine/event-manager": "^1.2 || ^2.0",
                "doctrine/persistence": "^2.2 || ^3.0",
                "php": "^7.4 || ^8.0",
                "psr/cache": "^1 || ^2 || ^3",
                "psr/clock": "^1",
                "symfony/cache": "^5.4 || ^6.0 || ^7.0"
            },
            "conflict": {
                "doctrine/annotations": "<1.13 || >=3.0",
                "doctrine/dbal": "<3.7 || >=5.0",
                "doctrine/mongodb-odm": "<2.3 || >=3.0",
                "doctrine/orm": "<2.14.0 || 2.16.0 || 2.16.1 || >=4.0"
            },
            "require-dev": {
                "doctrine/annotations": "^1.13 || ^2.0",
                "doctrine/cache": "^1.11 || ^2.0",
                "doctrine/dbal": "^3.7 || ^4.0",
                "doctrine/doctrine-bundle": "^2.3",
                "doctrine/mongodb-odm": "^2.3",
                "doctrine/orm": "^2.14.0 || ^3.0",
                "friendsofphp/php-cs-fixer": "^3.14.0",
                "nesbot/carbon": "^2.71 || ^3.0",
                "phpstan/phpstan": "^1.11",
                "phpstan/phpstan-doctrine": "^1.4",
                "phpstan/phpstan-phpunit": "^1.4",
                "phpunit/phpunit": "^9.6",
                "rector/rector": "^1.1",
                "symfony/console": "^5.4 || ^6.0 || ^7.0",
                "symfony/doctrine-bridge": "^5.4 || ^6.0 || ^7.0",
                "symfony/phpunit-bridge": "^6.0 || ^7.0",
                "symfony/uid": "^5.4 || ^6.0 || ^7.0",
                "symfony/yaml": "^5.4 || ^6.0 || ^7.0"
            },
            "suggest": {
                "doctrine/mongodb-odm": "to use the extensions with the MongoDB ODM",
                "doctrine/orm": "to use the extensions with the ORM"
            },
            "type": "library",
            "extra": {
                "branch-alias": {
                    "dev-main": "3.x-dev"
                }
            },
            "autoload": {
                "psr-4": {
                    "Gedmo\\": "src/"
                }
            },
            "notification-url": "https://packagist.org/downloads/",
            "license": [
                "MIT"
            ],
            "authors": [
                {
                    "name": "Gediminas Morkevicius",
                    "email": "gediminas.morkevicius@gmail.com"
                },
                {
                    "name": "Gustavo Falco",
                    "email": "comfortablynumb84@gmail.com"
                },
                {
                    "name": "David Buchmann",
                    "email": "david@liip.ch"
                }
            ],
            "description": "Doctrine behavioral extensions",
            "homepage": "http://gediminasm.org/",
            "keywords": [
                "Blameable",
                "behaviors",
                "doctrine",
                "extensions",
                "gedmo",
                "loggable",
                "nestedset",
                "odm",
                "orm",
                "sluggable",
                "sortable",
                "timestampable",
                "translatable",
                "tree",
                "uploadable"
            ],
            "support": {
                "email": "gediminas.morkevicius@gmail.com",
                "issues": "https://github.com/doctrine-extensions/DoctrineExtensions/issues",
                "source": "https://github.com/doctrine-extensions/DoctrineExtensions/tree/v3.17.1",
                "wiki": "https://github.com/Atlantic18/DoctrineExtensions/tree/main/doc"
            },
            "funding": [
                {
                    "url": "https://github.com/l3pp4rd",
                    "type": "github"
                },
                {
                    "url": "https://github.com/mbabker",
                    "type": "github"
                },
                {
                    "url": "https://github.com/phansys",
                    "type": "github"
                },
                {
                    "url": "https://github.com/stof",
                    "type": "github"
                }
            ],
            "time": "2024-10-07T22:30:27+00:00"
        },
        {
            "name": "psr/cache",
            "version": "3.0.0",
            "source": {
                "type": "git",
                "url": "https://github.com/php-fig/cache.git",
                "reference": "aa5030cfa5405eccfdcb1083ce040c2cb8d253bf"
            },
            "dist": {
                "type": "zip",
                "url": "https://api.github.com/repos/php-fig/cache/zipball/aa5030cfa5405eccfdcb1083ce040c2cb8d253bf",
                "reference": "aa5030cfa5405eccfdcb1083ce040c2cb8d253bf",
                "shasum": ""
            },
            "require": {
                "php": ">=8.0.0"
            },
            "type": "library",
            "extra": {
                "branch-alias": {
                    "dev-master": "1.0.x-dev"
                }
            },
            "autoload": {
                "psr-4": {
                    "Psr\\Cache\\": "src/"
                }
            },
            "notification-url": "https://packagist.org/downloads/",
            "license": [
                "MIT"
            ],
            "authors": [
                {
                    "name": "PHP-FIG",
                    "homepage": "https://www.php-fig.org/"
                }
            ],
            "description": "Common interface for caching libraries",
            "keywords": [
                "cache",
                "psr",
                "psr-6"
            ],
            "support": {
                "source": "https://github.com/php-fig/cache/tree/3.0.0"
            },
            "time": "2021-02-03T23:26:27+00:00"
        },
        {
            "name": "psr/clock",
            "version": "1.0.0",
            "source": {
                "type": "git",
                "url": "https://github.com/php-fig/clock.git",
                "reference": "e41a24703d4560fd0acb709162f73b8adfc3aa0d"
            },
            "dist": {
                "type": "zip",
                "url": "https://api.github.com/repos/php-fig/clock/zipball/e41a24703d4560fd0acb709162f73b8adfc3aa0d",
                "reference": "e41a24703d4560fd0acb709162f73b8adfc3aa0d",
                "shasum": ""
            },
            "require": {
                "php": "^7.0 || ^8.0"
            },
            "type": "library",
            "autoload": {
                "psr-4": {
                    "Psr\\Clock\\": "src/"
                }
            },
            "notification-url": "https://packagist.org/downloads/",
            "license": [
                "MIT"
            ],
            "authors": [
                {
                    "name": "PHP-FIG",
                    "homepage": "https://www.php-fig.org/"
                }
            ],
            "description": "Common interface for reading the clock.",
            "homepage": "https://github.com/php-fig/clock",
            "keywords": [
                "clock",
                "now",
                "psr",
                "psr-20",
                "time"
            ],
            "support": {
                "issues": "https://github.com/php-fig/clock/issues",
                "source": "https://github.com/php-fig/clock/tree/1.0.0"
            },
            "time": "2022-11-25T14:36:26+00:00"
        },
        {
            "name": "psr/container",
            "version": "2.0.2",
            "source": {
                "type": "git",
                "url": "https://github.com/php-fig/container.git",
                "reference": "c71ecc56dfe541dbd90c5360474fbc405f8d5963"
            },
            "dist": {
                "type": "zip",
                "url": "https://api.github.com/repos/php-fig/container/zipball/c71ecc56dfe541dbd90c5360474fbc405f8d5963",
                "reference": "c71ecc56dfe541dbd90c5360474fbc405f8d5963",
                "shasum": ""
            },
            "require": {
                "php": ">=7.4.0"
            },
            "type": "library",
            "extra": {
                "branch-alias": {
                    "dev-master": "2.0.x-dev"
                }
            },
            "autoload": {
                "psr-4": {
                    "Psr\\Container\\": "src/"
                }
            },
            "notification-url": "https://packagist.org/downloads/",
            "license": [
                "MIT"
            ],
            "authors": [
                {
                    "name": "PHP-FIG",
                    "homepage": "https://www.php-fig.org/"
                }
            ],
            "description": "Common Container Interface (PHP FIG PSR-11)",
            "homepage": "https://github.com/php-fig/container",
            "keywords": [
                "PSR-11",
                "container",
                "container-interface",
                "container-interop",
                "psr"
            ],
            "support": {
                "issues": "https://github.com/php-fig/container/issues",
                "source": "https://github.com/php-fig/container/tree/2.0.2"
            },
            "time": "2021-11-05T16:47:00+00:00"
        },
        {
            "name": "psr/log",
            "version": "3.0.2",
            "source": {
                "type": "git",
                "url": "https://github.com/php-fig/log.git",
                "reference": "f16e1d5863e37f8d8c2a01719f5b34baa2b714d3"
            },
            "dist": {
                "type": "zip",
                "url": "https://api.github.com/repos/php-fig/log/zipball/f16e1d5863e37f8d8c2a01719f5b34baa2b714d3",
                "reference": "f16e1d5863e37f8d8c2a01719f5b34baa2b714d3",
                "shasum": ""
            },
            "require": {
                "php": ">=8.0.0"
            },
            "type": "library",
            "extra": {
                "branch-alias": {
                    "dev-master": "3.x-dev"
                }
            },
            "autoload": {
                "psr-4": {
                    "Psr\\Log\\": "src"
                }
            },
            "notification-url": "https://packagist.org/downloads/",
            "license": [
                "MIT"
            ],
            "authors": [
                {
                    "name": "PHP-FIG",
                    "homepage": "https://www.php-fig.org/"
                }
            ],
            "description": "Common interface for logging libraries",
            "homepage": "https://github.com/php-fig/log",
            "keywords": [
                "log",
                "psr",
                "psr-3"
            ],
            "support": {
                "source": "https://github.com/php-fig/log/tree/3.0.2"
            },
            "time": "2024-09-11T13:17:53+00:00"
        },
        {
            "name": "symfony/cache",
            "version": "v7.1.5",
            "source": {
                "type": "git",
                "url": "https://github.com/symfony/cache.git",
                "reference": "86e5296b10e4dec8c8441056ca606aedb8a3be0a"
            },
            "dist": {
                "type": "zip",
                "url": "https://api.github.com/repos/symfony/cache/zipball/86e5296b10e4dec8c8441056ca606aedb8a3be0a",
                "reference": "86e5296b10e4dec8c8441056ca606aedb8a3be0a",
                "shasum": ""
            },
            "require": {
                "php": ">=8.2",
                "psr/cache": "^2.0|^3.0",
                "psr/log": "^1.1|^2|^3",
                "symfony/cache-contracts": "^2.5|^3",
                "symfony/deprecation-contracts": "^2.5|^3.0",
                "symfony/service-contracts": "^2.5|^3",
                "symfony/var-exporter": "^6.4|^7.0"
            },
            "conflict": {
                "doctrine/dbal": "<3.6",
                "symfony/dependency-injection": "<6.4",
                "symfony/http-kernel": "<6.4",
                "symfony/var-dumper": "<6.4"
            },
            "provide": {
                "psr/cache-implementation": "2.0|3.0",
                "psr/simple-cache-implementation": "1.0|2.0|3.0",
                "symfony/cache-implementation": "1.1|2.0|3.0"
            },
            "require-dev": {
                "cache/integration-tests": "dev-master",
                "doctrine/dbal": "^3.6|^4",
                "predis/predis": "^1.1|^2.0",
                "psr/simple-cache": "^1.0|^2.0|^3.0",
                "symfony/config": "^6.4|^7.0",
                "symfony/dependency-injection": "^6.4|^7.0",
                "symfony/filesystem": "^6.4|^7.0",
                "symfony/http-kernel": "^6.4|^7.0",
                "symfony/messenger": "^6.4|^7.0",
                "symfony/var-dumper": "^6.4|^7.0"
            },
            "type": "library",
            "autoload": {
                "psr-4": {
                    "Symfony\\Component\\Cache\\": ""
                },
                "classmap": [
                    "Traits/ValueWrapper.php"
                ],
                "exclude-from-classmap": [
                    "/Tests/"
                ]
            },
            "notification-url": "https://packagist.org/downloads/",
            "license": [
                "MIT"
            ],
            "authors": [
                {
                    "name": "Nicolas Grekas",
                    "email": "p@tchwork.com"
                },
                {
                    "name": "Symfony Community",
                    "homepage": "https://symfony.com/contributors"
                }
            ],
            "description": "Provides extended PSR-6, PSR-16 (and tags) implementations",
            "homepage": "https://symfony.com",
            "keywords": [
                "caching",
                "psr6"
            ],
            "support": {
                "source": "https://github.com/symfony/cache/tree/v7.1.5"
            },
            "funding": [
                {
                    "url": "https://symfony.com/sponsor",
                    "type": "custom"
                },
                {
                    "url": "https://github.com/fabpot",
                    "type": "github"
                },
                {
                    "url": "https://tidelift.com/funding/github/packagist/symfony/symfony",
                    "type": "tidelift"
                }
            ],
            "time": "2024-09-17T09:16:35+00:00"
        },
        {
            "name": "symfony/cache-contracts",
            "version": "v3.5.0",
            "source": {
                "type": "git",
                "url": "https://github.com/symfony/cache-contracts.git",
                "reference": "df6a1a44c890faded49a5fca33c2d5c5fd3c2197"
            },
            "dist": {
                "type": "zip",
                "url": "https://api.github.com/repos/symfony/cache-contracts/zipball/df6a1a44c890faded49a5fca33c2d5c5fd3c2197",
                "reference": "df6a1a44c890faded49a5fca33c2d5c5fd3c2197",
                "shasum": ""
            },
            "require": {
                "php": ">=8.1",
                "psr/cache": "^3.0"
            },
            "type": "library",
            "extra": {
                "branch-alias": {
                    "dev-main": "3.5-dev"
                },
                "thanks": {
                    "name": "symfony/contracts",
                    "url": "https://github.com/symfony/contracts"
                }
            },
            "autoload": {
                "psr-4": {
                    "Symfony\\Contracts\\Cache\\": ""
                }
            },
            "notification-url": "https://packagist.org/downloads/",
            "license": [
                "MIT"
            ],
            "authors": [
                {
                    "name": "Nicolas Grekas",
                    "email": "p@tchwork.com"
                },
                {
                    "name": "Symfony Community",
                    "homepage": "https://symfony.com/contributors"
                }
            ],
            "description": "Generic abstractions related to caching",
            "homepage": "https://symfony.com",
            "keywords": [
                "abstractions",
                "contracts",
                "decoupling",
                "interfaces",
                "interoperability",
                "standards"
            ],
            "support": {
                "source": "https://github.com/symfony/cache-contracts/tree/v3.5.0"
            },
            "funding": [
                {
                    "url": "https://symfony.com/sponsor",
                    "type": "custom"
                },
                {
                    "url": "https://github.com/fabpot",
                    "type": "github"
                },
                {
                    "url": "https://tidelift.com/funding/github/packagist/symfony/symfony",
                    "type": "tidelift"
                }
            ],
            "time": "2024-04-18T09:32:20+00:00"
        },
        {
            "name": "symfony/deprecation-contracts",
            "version": "v3.5.0",
            "source": {
                "type": "git",
                "url": "https://github.com/symfony/deprecation-contracts.git",
                "reference": "0e0d29ce1f20deffb4ab1b016a7257c4f1e789a1"
            },
            "dist": {
                "type": "zip",
                "url": "https://api.github.com/repos/symfony/deprecation-contracts/zipball/0e0d29ce1f20deffb4ab1b016a7257c4f1e789a1",
                "reference": "0e0d29ce1f20deffb4ab1b016a7257c4f1e789a1",
                "shasum": ""
            },
            "require": {
                "php": ">=8.1"
            },
            "type": "library",
            "extra": {
                "branch-alias": {
                    "dev-main": "3.5-dev"
                },
                "thanks": {
                    "name": "symfony/contracts",
                    "url": "https://github.com/symfony/contracts"
                }
            },
            "autoload": {
                "files": [
                    "function.php"
                ]
            },
            "notification-url": "https://packagist.org/downloads/",
            "license": [
                "MIT"
            ],
            "authors": [
                {
                    "name": "Nicolas Grekas",
                    "email": "p@tchwork.com"
                },
                {
                    "name": "Symfony Community",
                    "homepage": "https://symfony.com/contributors"
                }
            ],
            "description": "A generic function and convention to trigger deprecation notices",
            "homepage": "https://symfony.com",
            "support": {
                "source": "https://github.com/symfony/deprecation-contracts/tree/v3.5.0"
            },
            "funding": [
                {
                    "url": "https://symfony.com/sponsor",
                    "type": "custom"
                },
                {
                    "url": "https://github.com/fabpot",
                    "type": "github"
                },
                {
                    "url": "https://tidelift.com/funding/github/packagist/symfony/symfony",
                    "type": "tidelift"
                }
            ],
            "time": "2024-04-18T09:32:20+00:00"
        },
        {
            "name": "symfony/flex",
            "version": "v2.4.7",
            "source": {
                "type": "git",
                "url": "https://github.com/symfony/flex.git",
                "reference": "92f4fba342161ff36072bd3b8e0b3c6c23160402"
            },
            "dist": {
                "type": "zip",
                "url": "https://api.github.com/repos/symfony/flex/zipball/92f4fba342161ff36072bd3b8e0b3c6c23160402",
                "reference": "92f4fba342161ff36072bd3b8e0b3c6c23160402",
                "shasum": ""
            },
            "require": {
                "composer-plugin-api": "^2.1",
                "php": ">=8.0"
            },
            "conflict": {
                "composer/semver": "<1.7.2"
            },
            "require-dev": {
                "composer/composer": "^2.1",
                "symfony/dotenv": "^5.4|^6.0",
                "symfony/filesystem": "^5.4|^6.0",
                "symfony/phpunit-bridge": "^5.4|^6.0",
                "symfony/process": "^5.4|^6.0"
            },
            "type": "composer-plugin",
            "extra": {
                "class": "Symfony\\Flex\\Flex"
            },
            "autoload": {
                "psr-4": {
                    "Symfony\\Flex\\": "src"
                }
            },
            "notification-url": "https://packagist.org/downloads/",
            "license": [
                "MIT"
            ],
            "authors": [
                {
                    "name": "Fabien Potencier",
                    "email": "fabien.potencier@gmail.com"
                }
            ],
            "description": "Composer plugin for Symfony",
            "support": {
                "issues": "https://github.com/symfony/flex/issues",
                "source": "https://github.com/symfony/flex/tree/v2.4.7"
            },
            "funding": [
                {
                    "url": "https://symfony.com/sponsor",
                    "type": "custom"
                },
                {
                    "url": "https://github.com/fabpot",
                    "type": "github"
                },
                {
                    "url": "https://tidelift.com/funding/github/packagist/symfony/symfony",
                    "type": "tidelift"
                }
            ],
            "time": "2024-10-07T08:51:54+00:00"
        },
        {
            "name": "symfony/service-contracts",
            "version": "v3.5.0",
            "source": {
                "type": "git",
                "url": "https://github.com/symfony/service-contracts.git",
                "reference": "bd1d9e59a81d8fa4acdcea3f617c581f7475a80f"
            },
            "dist": {
                "type": "zip",
                "url": "https://api.github.com/repos/symfony/service-contracts/zipball/bd1d9e59a81d8fa4acdcea3f617c581f7475a80f",
                "reference": "bd1d9e59a81d8fa4acdcea3f617c581f7475a80f",
                "shasum": ""
            },
            "require": {
                "php": ">=8.1",
                "psr/container": "^1.1|^2.0",
                "symfony/deprecation-contracts": "^2.5|^3"
            },
            "conflict": {
                "ext-psr": "<1.1|>=2"
            },
            "type": "library",
            "extra": {
                "branch-alias": {
                    "dev-main": "3.5-dev"
                },
                "thanks": {
                    "name": "symfony/contracts",
                    "url": "https://github.com/symfony/contracts"
                }
            },
            "autoload": {
                "psr-4": {
                    "Symfony\\Contracts\\Service\\": ""
                },
                "exclude-from-classmap": [
                    "/Test/"
                ]
            },
            "notification-url": "https://packagist.org/downloads/",
            "license": [
                "MIT"
            ],
            "authors": [
                {
                    "name": "Nicolas Grekas",
                    "email": "p@tchwork.com"
                },
                {
                    "name": "Symfony Community",
                    "homepage": "https://symfony.com/contributors"
                }
            ],
            "description": "Generic abstractions related to writing services",
            "homepage": "https://symfony.com",
            "keywords": [
                "abstractions",
                "contracts",
                "decoupling",
                "interfaces",
                "interoperability",
                "standards"
            ],
            "support": {
                "source": "https://github.com/symfony/service-contracts/tree/v3.5.0"
            },
            "funding": [
                {
                    "url": "https://symfony.com/sponsor",
                    "type": "custom"
                },
                {
                    "url": "https://github.com/fabpot",
                    "type": "github"
                },
                {
                    "url": "https://tidelift.com/funding/github/packagist/symfony/symfony",
                    "type": "tidelift"
                }
            ],
            "time": "2024-04-18T09:32:20+00:00"
        },
        {
            "name": "symfony/var-exporter",
            "version": "v7.1.2",
            "source": {
                "type": "git",
                "url": "https://github.com/symfony/var-exporter.git",
                "reference": "b80a669a2264609f07f1667f891dbfca25eba44c"
            },
            "dist": {
                "type": "zip",
                "url": "https://api.github.com/repos/symfony/var-exporter/zipball/b80a669a2264609f07f1667f891dbfca25eba44c",
                "reference": "b80a669a2264609f07f1667f891dbfca25eba44c",
                "shasum": ""
            },
            "require": {
                "php": ">=8.2"
            },
            "require-dev": {
                "symfony/property-access": "^6.4|^7.0",
                "symfony/serializer": "^6.4|^7.0",
                "symfony/var-dumper": "^6.4|^7.0"
            },
            "type": "library",
            "autoload": {
                "psr-4": {
                    "Symfony\\Component\\VarExporter\\": ""
                },
                "exclude-from-classmap": [
                    "/Tests/"
                ]
            },
            "notification-url": "https://packagist.org/downloads/",
            "license": [
                "MIT"
            ],
            "authors": [
                {
                    "name": "Nicolas Grekas",
                    "email": "p@tchwork.com"
                },
                {
                    "name": "Symfony Community",
                    "homepage": "https://symfony.com/contributors"
                }
            ],
            "description": "Allows exporting any serializable PHP data structure to plain PHP code",
            "homepage": "https://symfony.com",
            "keywords": [
                "clone",
                "construct",
                "export",
                "hydrate",
                "instantiate",
                "lazy-loading",
                "proxy",
                "serialize"
            ],
            "support": {
                "source": "https://github.com/symfony/var-exporter/tree/v7.1.2"
            },
            "funding": [
                {
                    "url": "https://symfony.com/sponsor",
                    "type": "custom"
                },
                {
                    "url": "https://github.com/fabpot",
                    "type": "github"
                },
                {
                    "url": "https://tidelift.com/funding/github/packagist/symfony/symfony",
                    "type": "tidelift"
                }
            ],
            "time": "2024-06-28T08:00:31+00:00"
        }
    ],
    "packages-dev": [],
    "aliases": [],
    "minimum-stability": "stable",
    "stability-flags": {},
    "prefer-stable": false,
    "prefer-lowest": false,
    "platform": {},
    "platform-dev": {},
    "plugin-api-version": "2.6.0"
}
